// !$*UTF8*$!
{
	archiveVersion = 1;
	classes = {
	};
	objectVersion = 48;
	objects = {

/* Begin PBXGroup section */
		538FFB511F4C7BBD0061C4AC = {
			isa = PBXGroup;
			children = (
			);
			sourceTree = "<group>";
		};
/* End PBXGroup section */

/* Begin PBXProject section */
		538FFB521F4C7BBD0061C4AC /* Project object */ = {
			isa = PBXProject;
			attributes = {
				LastUpgradeCheck = 0900;
			};
			buildConfigurationList = 538FFB551F4C7BBD0061C4AC /* Build configuration list for PBXProject "Constructor" */;
			compatibilityVersion = "Xcode 8.0";
			developmentRegion = en;
			hasScannedForEncodings = 0;
			knownRegions = (
				en,
			);
			mainGroup = 538FFB511F4C7BBD0061C4AC;
			projectDirPath = "";
			projectRoot = "";
			targets = (
			);
		};
/* End PBXProject section */

/* Begin XCBuildConfiguration section */
		538FFB561F4C7BBD0061C4AC /* Debug */ = {
			isa = XCBuildConfiguration;
			buildSettings = {
			};
			name = Debug;
		};
		538FFB571F4C7BBD0061C4AC /* Release */ = {
			isa = XCBuildConfiguration;
			buildSettings = {
			};
			name = Release;
		};
/* End XCBuildConfiguration section */

/* Begin XCConfigurationList section */
		538FFB551F4C7BBD0061C4AC /* Build configuration list for PBXProject "Constructor" */ = {
			isa = XCConfigurationList;
			buildConfigurations = (
				538FFB561F4C7BBD0061C4AC /* Debug */,
				538FFB571F4C7BBD0061C4AC /* Release */,
			);
			defaultConfigurationIsVisible = 0;
			defaultConfigurationName = Release;
		};
/* End XCConfigurationList section */
	};
	rootObject = 538FFB521F4C7BBD0061C4AC /* Project object */;
}
